
Microsoft Visual Studio Solution File, Format Version 12.00
Project("{FAE04EC0-301F-11D3-BF4B-00C04F79EFBC}") = "Qingxiao", "src\Qingxiao\Qingxiao.csproj", "{99C313AA-E4AB-4EBF-9475-3ED47B8069C2}"
EndProject
Global
	GlobalSection(SolutionConfigurationPlatforms) = preSolution
		Debug|Any CPU = Debug|Any CPU
		Release|Any CPU = Release|Any CPU
	EndGlobalSection
	GlobalSection(ProjectConfigurationPlatforms) = postSolution
		{99C313AA-E4AB-4EBF-9475-3ED47B8069C2}.Debug|Any CPU.ActiveCfg = Debug|Any CPU
		{99C313AA-E4AB-4EBF-9475-3ED47B8069C2}.Debug|Any CPU.Build.0 = Debug|Any CPU
		{99C313AA-E4AB-4EBF-9475-3ED47B8069C2}.Release|Any CPU.ActiveCfg = Release|Any CPU
		{99C313AA-E4AB-4EBF-9475-3ED47B8069C2}.Release|Any CPU.Build.0 = Release|Any CPU
	EndGlobalSection
EndGlobal
